
Microsoft Visual Studio Solution File, Format Version 12.00
# Visual Studio Version 17
VisualStudioVersion = 17.13.35818.85 d17.13
MinimumVisualStudioVersion = 10.0.40219.1
Project("{8BC9CEB8-8B4A-11D0-8D11-00A0C91BC942}") = "AOSLib2", "AOSLib2.vcxproj", "{89805298-B661-45D2-838E-DF3E3EC0361F}"
EndProject
Global
	GlobalSection(SolutionConfigurationPlatforms) = preSolution
		Debug|x64 = Debug|x64
		Debug|x86 = Debug|x86
		Release|x64 = Release|x64
		Release|x86 = Release|x86
	EndGlobalSection
	GlobalSection(ProjectConfigurationPlatforms) = postSolution
		{89805298-B661-45D2-838E-DF3E3EC0361F}.Debug|x64.ActiveCfg = Debug|x64
		{89805298-B661-45D2-838E-DF3E3EC0361F}.Debug|x64.Build.0 = Debug|x64
		{89805298-B661-45D2-838E-DF3E3EC0361F}.Debug|x86.ActiveCfg = Debug|Win32
		{89805298-B661-45D2-838E-DF3E3EC0361F}.Debug|x86.Build.0 = Debug|Win32
		{89805298-B661-45D2-838E-DF3E3EC0361F}.Release|x64.ActiveCfg = Release|x64
		{89805298-B661-45D2-838E-DF3E3EC0361F}.Release|x64.Build.0 = Release|x64
		{89805298-B661-45D2-838E-DF3E3EC0361F}.Release|x86.ActiveCfg = Release|Win32
		{89805298-B661-45D2-838E-DF3E3EC0361F}.Release|x86.Build.0 = Release|Win32
	EndGlobalSection
	GlobalSection(SolutionProperties) = preSolution
		HideSolutionNode = FALSE
	EndGlobalSection
	GlobalSection(ExtensibilityGlobals) = postSolution
		SolutionGuid = {F53394C7-FBF8-48D6-92E7-74DF97453521}
	EndGlobalSection
EndGlobal
