
Microsoft Visual Studio Solution File, Format Version 12.00
# Visual Studio Version 17
VisualStudioVersion = 17.8.34511.84
MinimumVisualStudioVersion = 10.0.40219.1
Project("{8BC9CEB8-8B4A-11D0-8D11-00A0C91BC942}") = "chess", "chess\chess.vcxproj", "{601E65B5-C537-454C-9C73-F5352C8DD838}"
EndProject
Global
	GlobalSection(SolutionConfigurationPlatforms) = preSolution
		Debug|x64 = Debug|x64
		Debug|x86 = Debug|x86
		Release|x64 = Release|x64
		Release|x86 = Release|x86
	EndGlobalSection
	GlobalSection(ProjectConfigurationPlatforms) = postSolution
		{601E65B5-C537-454C-9C73-F5352C8DD838}.Debug|x64.ActiveCfg = Debug|x64
		{601E65B5-C537-454C-9C73-F5352C8DD838}.Debug|x64.Build.0 = Debug|x64
		{601E65B5-C537-454C-9C73-F5352C8DD838}.Debug|x86.ActiveCfg = Debug|Win32
		{601E65B5-C537-454C-9C73-F5352C8DD838}.Debug|x86.Build.0 = Debug|Win32
		{601E65B5-C537-454C-9C73-F5352C8DD838}.Release|x64.ActiveCfg = Release|x64
		{601E65B5-C537-454C-9C73-F5352C8DD838}.Release|x64.Build.0 = Release|x64
		{601E65B5-C537-454C-9C73-F5352C8DD838}.Release|x86.ActiveCfg = Release|Win32
		{601E65B5-C537-454C-9C73-F5352C8DD838}.Release|x86.Build.0 = Release|Win32
	EndGlobalSection
	GlobalSection(SolutionProperties) = preSolution
		HideSolutionNode = FALSE
	EndGlobalSection
	GlobalSection(ExtensibilityGlobals) = postSolution
		SolutionGuid = {0AE8357B-0CDA-466D-B424-C886533C11DA}
	EndGlobalSection
EndGlobal
