
Microsoft Visual Studio Solution File, Format Version 12.00
# Visual Studio Version 17
VisualStudioVersion = 17.13.35818.85 d17.13
MinimumVisualStudioVersion = 10.0.40219.1
Project("{FAE04EC0-301F-11D3-BF4B-00C04F79EFBC}") = "workParser", "workParser.csproj", "{A3B47F8B-4FE2-4A6E-9978-D1073CCA55D8}"
EndProject
Global
	GlobalSection(SolutionConfigurationPlatforms) = preSolution
		Debug|Any CPU = Debug|Any CPU
		Release|Any CPU = Release|Any CPU
	EndGlobalSection
	GlobalSection(ProjectConfigurationPlatforms) = postSolution
		{A3B47F8B-4FE2-4A6E-9978-D1073CCA55D8}.Debug|Any CPU.ActiveCfg = Debug|Any CPU
		{A3B47F8B-4FE2-4A6E-9978-D1073CCA55D8}.Debug|Any CPU.Build.0 = Debug|Any CPU
		{A3B47F8B-4FE2-4A6E-9978-D1073CCA55D8}.Release|Any CPU.ActiveCfg = Release|Any CPU
		{A3B47F8B-4FE2-4A6E-9978-D1073CCA55D8}.Release|Any CPU.Build.0 = Release|Any CPU
	EndGlobalSection
	GlobalSection(SolutionProperties) = preSolution
		HideSolutionNode = FALSE
	EndGlobalSection
	GlobalSection(ExtensibilityGlobals) = postSolution
		SolutionGuid = {F07C70E1-31C2-47D9-94B5-6058B5B4D84C}
	EndGlobalSection
EndGlobal
