
Microsoft Visual Studio Solution File, Format Version 12.00
# Visual Studio Version 17
VisualStudioVersion = 17.7.34202.233
MinimumVisualStudioVersion = 10.0.40219.1
Project("{8BC9CEB8-8B4A-11D0-8D11-00A0C91BC942}") = "app", "app\app.vcxproj", "{DA13BD5F-D913-48AC-B9D2-9CE8FCD9E7E8}"
EndProject
Global
	GlobalSection(SolutionConfigurationPlatforms) = preSolution
		Debug|x64 = Debug|x64
		Debug|x86 = Debug|x86
		Release|x64 = Release|x64
		Release|x86 = Release|x86
	EndGlobalSection
	GlobalSection(ProjectConfigurationPlatforms) = postSolution
		{DA13BD5F-D913-48AC-B9D2-9CE8FCD9E7E8}.Debug|x64.ActiveCfg = Debug|x64
		{DA13BD5F-D913-48AC-B9D2-9CE8FCD9E7E8}.Debug|x64.Build.0 = Debug|x64
		{DA13BD5F-D913-48AC-B9D2-9CE8FCD9E7E8}.Debug|x86.ActiveCfg = Debug|Win32
		{DA13BD5F-D913-48AC-B9D2-9CE8FCD9E7E8}.Debug|x86.Build.0 = Debug|Win32
		{DA13BD5F-D913-48AC-B9D2-9CE8FCD9E7E8}.Release|x64.ActiveCfg = Release|x64
		{DA13BD5F-D913-48AC-B9D2-9CE8FCD9E7E8}.Release|x64.Build.0 = Release|x64
		{DA13BD5F-D913-48AC-B9D2-9CE8FCD9E7E8}.Release|x86.ActiveCfg = Release|Win32
		{DA13BD5F-D913-48AC-B9D2-9CE8FCD9E7E8}.Release|x86.Build.0 = Release|Win32
	EndGlobalSection
	GlobalSection(SolutionProperties) = preSolution
		HideSolutionNode = FALSE
	EndGlobalSection
	GlobalSection(ExtensibilityGlobals) = postSolution
		SolutionGuid = {4C379641-E7E0-4C48-86BD-C2630AD7153D}
	EndGlobalSection
EndGlobal
