
Microsoft Visual Studio Solution File, Format Version 12.00
# Visual Studio Version 17
VisualStudioVersion = 17.13.35818.85 d17.13
MinimumVisualStudioVersion = 10.0.40219.1
Project("{FAE04EC0-301F-11D3-BF4B-00C04F79EFBC}") = "WBHandler", "WBHandler.csproj", "{590D4D43-8D20-40FF-BC4E-76D8858D4D0C}"
EndProject
Global
	GlobalSection(SolutionConfigurationPlatforms) = preSolution
		Debug|Any CPU = Debug|Any CPU
		Release|Any CPU = Release|Any CPU
	EndGlobalSection
	GlobalSection(ProjectConfigurationPlatforms) = postSolution
		{590D4D43-8D20-40FF-BC4E-76D8858D4D0C}.Debug|Any CPU.ActiveCfg = Debug|Any CPU
		{590D4D43-8D20-40FF-BC4E-76D8858D4D0C}.Debug|Any CPU.Build.0 = Debug|Any CPU
		{590D4D43-8D20-40FF-BC4E-76D8858D4D0C}.Release|Any CPU.ActiveCfg = Release|Any CPU
		{590D4D43-8D20-40FF-BC4E-76D8858D4D0C}.Release|Any CPU.Build.0 = Release|Any CPU
	EndGlobalSection
	GlobalSection(SolutionProperties) = preSolution
		HideSolutionNode = FALSE
	EndGlobalSection
	GlobalSection(ExtensibilityGlobals) = postSolution
		SolutionGuid = {C33F457D-8CB3-43AF-9C56-DC7D592BE3A5}
	EndGlobalSection
EndGlobal
