
Microsoft Visual Studio Solution File, Format Version 12.00
# Visual Studio Version 17
VisualStudioVersion = 17.11.35219.272
MinimumVisualStudioVersion = 10.0.40219.1
Project("{FAE04EC0-301F-11D3-BF4B-00C04F79EFBC}") = "lib1", "lib1.csproj", "{87397F72-AC00-43F4-9922-87C3BBC9EE12}"
EndProject
Global
	GlobalSection(SolutionConfigurationPlatforms) = preSolution
		Debug|Any CPU = Debug|Any CPU
		Release|Any CPU = Release|Any CPU
	EndGlobalSection
	GlobalSection(ProjectConfigurationPlatforms) = postSolution
		{87397F72-AC00-43F4-9922-87C3BBC9EE12}.Debug|Any CPU.ActiveCfg = Debug|Any CPU
		{87397F72-AC00-43F4-9922-87C3BBC9EE12}.Debug|Any CPU.Build.0 = Debug|Any CPU
		{87397F72-AC00-43F4-9922-87C3BBC9EE12}.Release|Any CPU.ActiveCfg = Release|Any CPU
		{87397F72-AC00-43F4-9922-87C3BBC9EE12}.Release|Any CPU.Build.0 = Release|Any CPU
	EndGlobalSection
	GlobalSection(SolutionProperties) = preSolution
		HideSolutionNode = FALSE
	EndGlobalSection
	GlobalSection(ExtensibilityGlobals) = postSolution
		SolutionGuid = {1BF8DC32-E56E-48AC-92AB-9E1CBD2CA42B}
	EndGlobalSection
EndGlobal
