
Microsoft Visual Studio Solution File, Format Version 12.00
# Visual Studio Version 17
VisualStudioVersion = 17.13.35818.85 d17.13
MinimumVisualStudioVersion = 10.0.40219.1
Project("{8BC9CEB8-8B4A-11D0-8D11-00A0C91BC942}") = "bitLoop", "bitLoop.vcxproj", "{E1AF9BE8-C15D-4C36-8FCD-24EDDB26143D}"
EndProject
Global
	GlobalSection(SolutionConfigurationPlatforms) = preSolution
		Debug|x64 = Debug|x64
		Debug|x86 = Debug|x86
		Release|x64 = Release|x64
		Release|x86 = Release|x86
	EndGlobalSection
	GlobalSection(ProjectConfigurationPlatforms) = postSolution
		{E1AF9BE8-C15D-4C36-8FCD-24EDDB26143D}.Debug|x64.ActiveCfg = Debug|x64
		{E1AF9BE8-C15D-4C36-8FCD-24EDDB26143D}.Debug|x64.Build.0 = Debug|x64
		{E1AF9BE8-C15D-4C36-8FCD-24EDDB26143D}.Debug|x86.ActiveCfg = Debug|Win32
		{E1AF9BE8-C15D-4C36-8FCD-24EDDB26143D}.Debug|x86.Build.0 = Debug|Win32
		{E1AF9BE8-C15D-4C36-8FCD-24EDDB26143D}.Release|x64.ActiveCfg = Release|x64
		{E1AF9BE8-C15D-4C36-8FCD-24EDDB26143D}.Release|x64.Build.0 = Release|x64
		{E1AF9BE8-C15D-4C36-8FCD-24EDDB26143D}.Release|x86.ActiveCfg = Release|Win32
		{E1AF9BE8-C15D-4C36-8FCD-24EDDB26143D}.Release|x86.Build.0 = Release|Win32
	EndGlobalSection
	GlobalSection(SolutionProperties) = preSolution
		HideSolutionNode = FALSE
	EndGlobalSection
	GlobalSection(ExtensibilityGlobals) = postSolution
		SolutionGuid = {8CF4C2A7-2D49-40E9-9B08-19B2957F449F}
	EndGlobalSection
EndGlobal
