
Microsoft Visual Studio Solution File, Format Version 12.00
# Visual Studio Version 17
VisualStudioVersion = 17.8.34511.84
MinimumVisualStudioVersion = 10.0.40219.1
Project("{8BC9CEB8-8B4A-11D0-8D11-00A0C91BC942}") = "Alib2_2", "Alib2_2\Alib2_2.vcxproj", "{8A45DE27-EFDE-4798-821C-262246CFE313}"
EndProject
Global
	GlobalSection(SolutionConfigurationPlatforms) = preSolution
		Debug|x64 = Debug|x64
		Debug|x86 = Debug|x86
		Release|x64 = Release|x64
		Release|x86 = Release|x86
	EndGlobalSection
	GlobalSection(ProjectConfigurationPlatforms) = postSolution
		{8A45DE27-EFDE-4798-821C-262246CFE313}.Debug|x64.ActiveCfg = Debug|x64
		{8A45DE27-EFDE-4798-821C-262246CFE313}.Debug|x64.Build.0 = Debug|x64
		{8A45DE27-EFDE-4798-821C-262246CFE313}.Debug|x86.ActiveCfg = Debug|Win32
		{8A45DE27-EFDE-4798-821C-262246CFE313}.Debug|x86.Build.0 = Debug|Win32
		{8A45DE27-EFDE-4798-821C-262246CFE313}.Release|x64.ActiveCfg = Release|x64
		{8A45DE27-EFDE-4798-821C-262246CFE313}.Release|x64.Build.0 = Release|x64
		{8A45DE27-EFDE-4798-821C-262246CFE313}.Release|x86.ActiveCfg = Release|Win32
		{8A45DE27-EFDE-4798-821C-262246CFE313}.Release|x86.Build.0 = Release|Win32
	EndGlobalSection
	GlobalSection(SolutionProperties) = preSolution
		HideSolutionNode = FALSE
	EndGlobalSection
	GlobalSection(ExtensibilityGlobals) = postSolution
		SolutionGuid = {686C4DB0-0F15-4951-8D52-027F6296C4F0}
	EndGlobalSection
EndGlobal
