
Microsoft Visual Studio Solution File, Format Version 12.00
# Visual Studio Version 17
VisualStudioVersion = 17.13.35818.85 d17.13
MinimumVisualStudioVersion = 10.0.40219.1
Project("{FAE04EC0-301F-11D3-BF4B-00C04F79EFBC}") = "ConsoleApp1", "ConsoleApp1.csproj", "{A6017834-10DD-4626-B7E2-5E83BACCE05C}"
EndProject
Global
	GlobalSection(SolutionConfigurationPlatforms) = preSolution
		Debug|Any CPU = Debug|Any CPU
		Release|Any CPU = Release|Any CPU
	EndGlobalSection
	GlobalSection(ProjectConfigurationPlatforms) = postSolution
		{A6017834-10DD-4626-B7E2-5E83BACCE05C}.Debug|Any CPU.ActiveCfg = Debug|Any CPU
		{A6017834-10DD-4626-B7E2-5E83BACCE05C}.Debug|Any CPU.Build.0 = Debug|Any CPU
		{A6017834-10DD-4626-B7E2-5E83BACCE05C}.Release|Any CPU.ActiveCfg = Release|Any CPU
		{A6017834-10DD-4626-B7E2-5E83BACCE05C}.Release|Any CPU.Build.0 = Release|Any CPU
	EndGlobalSection
	GlobalSection(SolutionProperties) = preSolution
		HideSolutionNode = FALSE
	EndGlobalSection
	GlobalSection(ExtensibilityGlobals) = postSolution
		SolutionGuid = {3BC4FBC3-286C-4C50-AAE3-52D6F18019BD}
	EndGlobalSection
EndGlobal
