
Microsoft Visual Studio Solution File, Format Version 12.00
# Visual Studio Version 17
VisualStudioVersion = 17.11.35219.272
MinimumVisualStudioVersion = 10.0.40219.1
Project("{FAE04EC0-301F-11D3-BF4B-00C04F79EFBC}") = "lib2", "lib2.csproj", "{EFF555B8-D14B-4A1C-8BF4-441DDC0CE59D}"
EndProject
Global
	GlobalSection(SolutionConfigurationPlatforms) = preSolution
		Debug|Any CPU = Debug|Any CPU
		Release|Any CPU = Release|Any CPU
	EndGlobalSection
	GlobalSection(ProjectConfigurationPlatforms) = postSolution
		{EFF555B8-D14B-4A1C-8BF4-441DDC0CE59D}.Debug|Any CPU.ActiveCfg = Debug|Any CPU
		{EFF555B8-D14B-4A1C-8BF4-441DDC0CE59D}.Debug|Any CPU.Build.0 = Debug|Any CPU
		{EFF555B8-D14B-4A1C-8BF4-441DDC0CE59D}.Release|Any CPU.ActiveCfg = Release|Any CPU
		{EFF555B8-D14B-4A1C-8BF4-441DDC0CE59D}.Release|Any CPU.Build.0 = Release|Any CPU
	EndGlobalSection
	GlobalSection(SolutionProperties) = preSolution
		HideSolutionNode = FALSE
	EndGlobalSection
	GlobalSection(ExtensibilityGlobals) = postSolution
		SolutionGuid = {E63B1521-1F31-4793-9540-BC5615A932E6}
	EndGlobalSection
EndGlobal
