
Microsoft Visual Studio Solution File, Format Version 12.00
# Visual Studio Version 17
VisualStudioVersion = 17.11.35312.102
MinimumVisualStudioVersion = 10.0.40219.1
Project("{FAE04EC0-301F-11D3-BF4B-00C04F79EFBC}") = "lib3-1", "lib3-1.csproj", "{A6030237-2F8D-418E-93D0-433A7E5A4891}"
EndProject
Project("{FAE04EC0-301F-11D3-BF4B-00C04F79EFBC}") = "UnitTestProject1", "..\UnitTestProject1\UnitTestProject1.csproj", "{D60930DB-0671-47D0-88A0-A9CBCA686E48}"
EndProject
Global
	GlobalSection(SolutionConfigurationPlatforms) = preSolution
		Debug|Any CPU = Debug|Any CPU
		Release|Any CPU = Release|Any CPU
	EndGlobalSection
	GlobalSection(ProjectConfigurationPlatforms) = postSolution
		{A6030237-2F8D-418E-93D0-433A7E5A4891}.Debug|Any CPU.ActiveCfg = Debug|Any CPU
		{A6030237-2F8D-418E-93D0-433A7E5A4891}.Debug|Any CPU.Build.0 = Debug|Any CPU
		{A6030237-2F8D-418E-93D0-433A7E5A4891}.Release|Any CPU.ActiveCfg = Release|Any CPU
		{A6030237-2F8D-418E-93D0-433A7E5A4891}.Release|Any CPU.Build.0 = Release|Any CPU
		{D60930DB-0671-47D0-88A0-A9CBCA686E48}.Debug|Any CPU.ActiveCfg = Debug|Any CPU
		{D60930DB-0671-47D0-88A0-A9CBCA686E48}.Debug|Any CPU.Build.0 = Debug|Any CPU
		{D60930DB-0671-47D0-88A0-A9CBCA686E48}.Release|Any CPU.ActiveCfg = Release|Any CPU
		{D60930DB-0671-47D0-88A0-A9CBCA686E48}.Release|Any CPU.Build.0 = Release|Any CPU
	EndGlobalSection
	GlobalSection(SolutionProperties) = preSolution
		HideSolutionNode = FALSE
	EndGlobalSection
	GlobalSection(ExtensibilityGlobals) = postSolution
		SolutionGuid = {2DA4C7CF-2AC7-45D4-B5EA-5AD547BAD595}
	EndGlobalSection
EndGlobal
